
Microsoft Visual Studio Solution File, Format Version 12.00
# Visual Studio 2013
VisualStudioVersion = 12.0.31101.0
MinimumVisualStudioVersion = 10.0.40219.1
Project("{FAE04EC0-301F-11D3-BF4B-00C04F79EFBC}") = "Presentation.Website", "Viainternet.OnionArchitecture.Website\Presentation.Website.csproj", "{C69ABA69-CC0A-4809-A5E4-B63176E6A356}"
EndProject
Project("{2150E333-8FDC-42A3-9474-1A3956D46DE8}") = "Tests", "Tests", "{D89C6829-EA02-4198-9B42-5C2F2E5D904B}"
EndProject
Project("{2150E333-8FDC-42A3-9474-1A3956D46DE8}") = "Domain", "Domain", "{2F295891-3A5D-438A-AE9B-54C22A0003EE}"
EndProject
Project("{2150E333-8FDC-42A3-9474-1A3956D46DE8}") = "Infrastructure", "Infrastructure", "{AA68CFC6-F624-422C-AB64-1CB4FC3FDFA5}"
EndProject
Project("{FAE04EC0-301F-11D3-BF4B-00C04F79EFBC}") = "Tests.UI", "Viainternet.OnionArchitecture.Tests.UI\Tests.UI.csproj", "{95464732-A1A2-48C6-B200-511F225A2B90}"
EndProject
Project("{FAE04EC0-301F-11D3-BF4B-00C04F79EFBC}") = "Tests.Performance", "Viainternet.OnionArchitecture.Tests.Performance\Tests.Performance.csproj", "{E3D4E67E-A856-4B5E-BE45-98BADF1E2844}"
EndProject
Project("{2150E333-8FDC-42A3-9474-1A3956D46DE8}") = "Solution Items", "Solution Items", "{7E8AF261-164C-4E56-853C-5B220794A98C}"
	ProjectSection(SolutionItems) = preProject
		Local.testsettings = Local.testsettings
	EndProjectSection
EndProject
Project("{FAE04EC0-301F-11D3-BF4B-00C04F79EFBC}") = "Tests.Unit", "Viainternet.OnionArchitecture.Tests.Unit\Tests.Unit.csproj", "{CED96FAA-9636-4457-BEAA-F2A3A8361C33}"
EndProject
Project("{FAE04EC0-301F-11D3-BF4B-00C04F79EFBC}") = "Tests.Integration", "Viainternet.OnionArchitecture.Tests.Integration\Tests.Integration.csproj", "{7F005AEF-06E6-4691-945D-8149454D6166}"
EndProject
Project("{FAE04EC0-301F-11D3-BF4B-00C04F79EFBC}") = "Core", "Viainternet.OnionArchitecture.Core\Core.csproj", "{BA94BDCF-BD9C-4AC3-9AD9-506C2B6FCE79}"
EndProject
Project("{FAE04EC0-301F-11D3-BF4B-00C04F79EFBC}") = "Core.Services", "Viainternet.OnionArchitecture.Core.Services\Core.Services.csproj", "{151E22FA-F714-4708-8E63-F7AE5A339DB9}"
EndProject
Project("{FAE04EC0-301F-11D3-BF4B-00C04F79EFBC}") = "Infrastructure.Infrastructure", "Viainternet.OnionArchitecture.Infrastructure\Infrastructure.Infrastructure.csproj", "{E720F55E-C91C-4CF3-B6C6-5E77FC482DB6}"
EndProject
Project("{FAE04EC0-301F-11D3-BF4B-00C04F79EFBC}") = "Infrastructure.DependecyResolution", "DependecyResolution\Infrastructure.DependecyResolution.csproj", "{E888295A-75AF-4124-8CA4-7D62D6C1B00C}"
EndProject
Project("{2150E333-8FDC-42A3-9474-1A3956D46DE8}") = "Presentation", "Presentation", "{871355D7-0BD0-49AF-98B8-350AEFD40063}"
EndProject
Project("{FAE04EC0-301F-11D3-BF4B-00C04F79EFBC}") = "Presentation.Desktop", "Presentation.Desktop\Presentation.Desktop.csproj", "{F7B213DD-F2A3-4DB8-B89F-DC201F7BE1A0}"
EndProject
Project("{2150E333-8FDC-42A3-9474-1A3956D46DE8}") = ".nuget", ".nuget", "{B093CC2E-3045-4559-A3E2-B8BF5BBC2E5F}"
	ProjectSection(SolutionItems) = preProject
		.nuget\NuGet.Config = .nuget\NuGet.Config
		.nuget\NuGet.exe = .nuget\NuGet.exe
		.nuget\NuGet.targets = .nuget\NuGet.targets
	EndProjectSection
EndProject
Global
	GlobalSection(SolutionConfigurationPlatforms) = preSolution
		Debug|Any CPU = Debug|Any CPU
		Release|Any CPU = Release|Any CPU
	EndGlobalSection
	GlobalSection(ProjectConfigurationPlatforms) = postSolution
		{C69ABA69-CC0A-4809-A5E4-B63176E6A356}.Debug|Any CPU.ActiveCfg = Debug|Any CPU
		{C69ABA69-CC0A-4809-A5E4-B63176E6A356}.Debug|Any CPU.Build.0 = Debug|Any CPU
		{C69ABA69-CC0A-4809-A5E4-B63176E6A356}.Release|Any CPU.ActiveCfg = Release|Any CPU
		{C69ABA69-CC0A-4809-A5E4-B63176E6A356}.Release|Any CPU.Build.0 = Release|Any CPU
		{95464732-A1A2-48C6-B200-511F225A2B90}.Debug|Any CPU.ActiveCfg = Debug|Any CPU
		{95464732-A1A2-48C6-B200-511F225A2B90}.Debug|Any CPU.Build.0 = Debug|Any CPU
		{95464732-A1A2-48C6-B200-511F225A2B90}.Release|Any CPU.ActiveCfg = Release|Any CPU
		{95464732-A1A2-48C6-B200-511F225A2B90}.Release|Any CPU.Build.0 = Release|Any CPU
		{E3D4E67E-A856-4B5E-BE45-98BADF1E2844}.Debug|Any CPU.ActiveCfg = Debug|Any CPU
		{E3D4E67E-A856-4B5E-BE45-98BADF1E2844}.Debug|Any CPU.Build.0 = Debug|Any CPU
		{E3D4E67E-A856-4B5E-BE45-98BADF1E2844}.Release|Any CPU.ActiveCfg = Release|Any CPU
		{E3D4E67E-A856-4B5E-BE45-98BADF1E2844}.Release|Any CPU.Build.0 = Release|Any CPU
		{CED96FAA-9636-4457-BEAA-F2A3A8361C33}.Debug|Any CPU.ActiveCfg = Debug|Any CPU
		{CED96FAA-9636-4457-BEAA-F2A3A8361C33}.Debug|Any CPU.Build.0 = Debug|Any CPU
		{CED96FAA-9636-4457-BEAA-F2A3A8361C33}.Release|Any CPU.ActiveCfg = Release|Any CPU
		{CED96FAA-9636-4457-BEAA-F2A3A8361C33}.Release|Any CPU.Build.0 = Release|Any CPU
		{7F005AEF-06E6-4691-945D-8149454D6166}.Debug|Any CPU.ActiveCfg = Debug|Any CPU
		{7F005AEF-06E6-4691-945D-8149454D6166}.Debug|Any CPU.Build.0 = Debug|Any CPU
		{7F005AEF-06E6-4691-945D-8149454D6166}.Release|Any CPU.ActiveCfg = Release|Any CPU
		{7F005AEF-06E6-4691-945D-8149454D6166}.Release|Any CPU.Build.0 = Release|Any CPU
		{BA94BDCF-BD9C-4AC3-9AD9-506C2B6FCE79}.Debug|Any CPU.ActiveCfg = Debug|Any CPU
		{BA94BDCF-BD9C-4AC3-9AD9-506C2B6FCE79}.Debug|Any CPU.Build.0 = Debug|Any CPU
		{BA94BDCF-BD9C-4AC3-9AD9-506C2B6FCE79}.Release|Any CPU.ActiveCfg = Release|Any CPU
		{BA94BDCF-BD9C-4AC3-9AD9-506C2B6FCE79}.Release|Any CPU.Build.0 = Release|Any CPU
		{151E22FA-F714-4708-8E63-F7AE5A339DB9}.Debug|Any CPU.ActiveCfg = Debug|Any CPU
		{151E22FA-F714-4708-8E63-F7AE5A339DB9}.Debug|Any CPU.Build.0 = Debug|Any CPU
		{151E22FA-F714-4708-8E63-F7AE5A339DB9}.Release|Any CPU.ActiveCfg = Release|Any CPU
		{151E22FA-F714-4708-8E63-F7AE5A339DB9}.Release|Any CPU.Build.0 = Release|Any CPU
		{E720F55E-C91C-4CF3-B6C6-5E77FC482DB6}.Debug|Any CPU.ActiveCfg = Debug|Any CPU
		{E720F55E-C91C-4CF3-B6C6-5E77FC482DB6}.Debug|Any CPU.Build.0 = Debug|Any CPU
		{E720F55E-C91C-4CF3-B6C6-5E77FC482DB6}.Release|Any CPU.ActiveCfg = Release|Any CPU
		{E720F55E-C91C-4CF3-B6C6-5E77FC482DB6}.Release|Any CPU.Build.0 = Release|Any CPU
		{E888295A-75AF-4124-8CA4-7D62D6C1B00C}.Debug|Any CPU.ActiveCfg = Debug|Any CPU
		{E888295A-75AF-4124-8CA4-7D62D6C1B00C}.Debug|Any CPU.Build.0 = Debug|Any CPU
		{E888295A-75AF-4124-8CA4-7D62D6C1B00C}.Release|Any CPU.ActiveCfg = Release|Any CPU
		{E888295A-75AF-4124-8CA4-7D62D6C1B00C}.Release|Any CPU.Build.0 = Release|Any CPU
		{F7B213DD-F2A3-4DB8-B89F-DC201F7BE1A0}.Debug|Any CPU.ActiveCfg = Debug|Any CPU
		{F7B213DD-F2A3-4DB8-B89F-DC201F7BE1A0}.Debug|Any CPU.Build.0 = Debug|Any CPU
		{F7B213DD-F2A3-4DB8-B89F-DC201F7BE1A0}.Release|Any CPU.ActiveCfg = Release|Any CPU
		{F7B213DD-F2A3-4DB8-B89F-DC201F7BE1A0}.Release|Any CPU.Build.0 = Release|Any CPU
	EndGlobalSection
	GlobalSection(SolutionProperties) = preSolution
		HideSolutionNode = FALSE
	EndGlobalSection
	GlobalSection(NestedProjects) = preSolution
		{C69ABA69-CC0A-4809-A5E4-B63176E6A356} = {871355D7-0BD0-49AF-98B8-350AEFD40063}
		{95464732-A1A2-48C6-B200-511F225A2B90} = {D89C6829-EA02-4198-9B42-5C2F2E5D904B}
		{E3D4E67E-A856-4B5E-BE45-98BADF1E2844} = {D89C6829-EA02-4198-9B42-5C2F2E5D904B}
		{7E8AF261-164C-4E56-853C-5B220794A98C} = {D89C6829-EA02-4198-9B42-5C2F2E5D904B}
		{CED96FAA-9636-4457-BEAA-F2A3A8361C33} = {D89C6829-EA02-4198-9B42-5C2F2E5D904B}
		{7F005AEF-06E6-4691-945D-8149454D6166} = {D89C6829-EA02-4198-9B42-5C2F2E5D904B}
		{BA94BDCF-BD9C-4AC3-9AD9-506C2B6FCE79} = {2F295891-3A5D-438A-AE9B-54C22A0003EE}
		{151E22FA-F714-4708-8E63-F7AE5A339DB9} = {2F295891-3A5D-438A-AE9B-54C22A0003EE}
		{E720F55E-C91C-4CF3-B6C6-5E77FC482DB6} = {AA68CFC6-F624-422C-AB64-1CB4FC3FDFA5}
		{E888295A-75AF-4124-8CA4-7D62D6C1B00C} = {AA68CFC6-F624-422C-AB64-1CB4FC3FDFA5}
		{F7B213DD-F2A3-4DB8-B89F-DC201F7BE1A0} = {871355D7-0BD0-49AF-98B8-350AEFD40063}
	EndGlobalSection
EndGlobal
